
Microsoft Visual Studio Solution File, Format Version 12.00
Project("{FAE04EC0-301F-11D3-BF4B-00C04F79EFBC}") = "AvaloniaConfigEditorDemo", "AvaloniaConfigEditorDemo\AvaloniaConfigEditorDemo.csproj", "{4C40A695-A525-4DB6-BA43-DCCC89AA9565}"
EndProject
Global
	GlobalSection(SolutionConfigurationPlatforms) = preSolution
		Debug|Any CPU = Debug|Any CPU
		Release|Any CPU = Release|Any CPU
	EndGlobalSection
	GlobalSection(ProjectConfigurationPlatforms) = postSolution
		{4C40A695-A525-4DB6-BA43-DCCC89AA9565}.Debug|Any CPU.ActiveCfg = Debug|Any CPU
		{4C40A695-A525-4DB6-BA43-DCCC89AA9565}.Debug|Any CPU.Build.0 = Debug|Any CPU
		{4C40A695-A525-4DB6-BA43-DCCC89AA9565}.Release|Any CPU.ActiveCfg = Release|Any CPU
		{4C40A695-A525-4DB6-BA43-DCCC89AA9565}.Release|Any CPU.Build.0 = Release|Any CPU
	EndGlobalSection
EndGlobal
